
Microsoft Visual Studio Solution File, Format Version 12.00
# Visual Studio Version 17
VisualStudioVersion = 17.9.34714.143
MinimumVisualStudioVersion = 10.0.40219.1
Project("{FAE04EC0-301F-11D3-BF4B-00C04F79EFBC}") = "DBExchange", "DBExchange\DBExchange.csproj", "{F1B5EAEE-117B-4F30-8B27-19E4AA016494}"
EndProject
Project("{FAE04EC0-301F-11D3-BF4B-00C04F79EFBC}") = "DBE.Services", "DBE.Services\DBE.Services.csproj", "{7F0E69D2-7169-41F8-A92B-7C646CDB45C0}"
EndProject
Global
	GlobalSection(SolutionConfigurationPlatforms) = preSolution
		Debug|Any CPU = Debug|Any CPU
		Release|Any CPU = Release|Any CPU
	EndGlobalSection
	GlobalSection(ProjectConfigurationPlatforms) = postSolution
		{F1B5EAEE-117B-4F30-8B27-19E4AA016494}.Debug|Any CPU.ActiveCfg = Debug|Any CPU
		{F1B5EAEE-117B-4F30-8B27-19E4AA016494}.Debug|Any CPU.Build.0 = Debug|Any CPU
		{F1B5EAEE-117B-4F30-8B27-19E4AA016494}.Release|Any CPU.ActiveCfg = Release|Any CPU
		{F1B5EAEE-117B-4F30-8B27-19E4AA016494}.Release|Any CPU.Build.0 = Release|Any CPU
		{7F0E69D2-7169-41F8-A92B-7C646CDB45C0}.Debug|Any CPU.ActiveCfg = Debug|Any CPU
		{7F0E69D2-7169-41F8-A92B-7C646CDB45C0}.Debug|Any CPU.Build.0 = Debug|Any CPU
		{7F0E69D2-7169-41F8-A92B-7C646CDB45C0}.Release|Any CPU.ActiveCfg = Release|Any CPU
		{7F0E69D2-7169-41F8-A92B-7C646CDB45C0}.Release|Any CPU.Build.0 = Release|Any CPU
	EndGlobalSection
	GlobalSection(SolutionProperties) = preSolution
		HideSolutionNode = FALSE
	EndGlobalSection
	GlobalSection(ExtensibilityGlobals) = postSolution
		SolutionGuid = {6094D8AA-DB52-465C-BE39-F2B2D92DA778}
	EndGlobalSection
EndGlobal
